
Microsoft Visual Studio Solution File, Format Version 12.00
# Visual Studio Version 16
VisualStudioVersion = 16.0.29215.179
MinimumVisualStudioVersion = 10.0.40219.1
Project("{FAE04EC0-301F-11D3-BF4B-00C04F79EFBC}") = "ControlesDeUsuario", "ControlesDeUsuario\ControlesDeUsuario.csproj", "{84A47772-7926-42C4-8329-923E30AA094B}"
EndProject
Global
	GlobalSection(SolutionConfigurationPlatforms) = preSolution
		Debug|Any CPU = Debug|Any CPU
		Release|Any CPU = Release|Any CPU
	EndGlobalSection
	GlobalSection(ProjectConfigurationPlatforms) = postSolution
		{84A47772-7926-42C4-8329-923E30AA094B}.Debug|Any CPU.ActiveCfg = Debug|Any CPU
		{84A47772-7926-42C4-8329-923E30AA094B}.Debug|Any CPU.Build.0 = Debug|Any CPU
		{84A47772-7926-42C4-8329-923E30AA094B}.Release|Any CPU.ActiveCfg = Release|Any CPU
		{84A47772-7926-42C4-8329-923E30AA094B}.Release|Any CPU.Build.0 = Release|Any CPU
	EndGlobalSection
	GlobalSection(SolutionProperties) = preSolution
		HideSolutionNode = FALSE
	EndGlobalSection
	GlobalSection(ExtensibilityGlobals) = postSolution
		SolutionGuid = {E8CCE7EC-9186-4B35-B9F6-95D6E3280834}
	EndGlobalSection
EndGlobal
